dependencies:
  espressif/eppp_link:
    component_hash: bac8be8aa2aa5b15d5a0dbbf0b44a74a20a63ad09b475d114cbcb42c722913db
    dependencies:
    - name: espressif/esp_serial_slave_link
      registry_url: https://components.espressif.com
      require: private
      version: ^1.1.0
    - name: idf
      require: private
      version: '>=5.2'
    source:
      registry_url: https://components.espressif.com
      type: service
    version: 1.1.1
  espressif/es8311:
    component_hash: 46b3117250344bb03f143d5e2becf81cfb111679fbd7b95cefc2d302d36cc393
    dependencies:
    - name: idf
      require: private
      version: '>=4.4,<6.0'
    source:
      registry_url: https://components.espressif.com/
      type: service
    version: 1.0.0~1
  espressif/esp_hosted:
    component_hash: 0fc6aa75ec6061e1d48b3abc5f3987c5a84a3fda60811c3b1ad7f536250bf58b
    dependencies:
    - name: idf
      require: private
      version: '>=5.3'
    source:
      registry_url: https://components.espressif.com/
      type: service
    version: 2.4.1
  espressif/esp_serial_slave_link:
    component_hash: d8c13c033a7604e9333b5d8ea45e0d6fec908fd552df7db20d33dd8d6916528d
    dependencies:
    - name: idf
      require: private
      version: '>=5.0'
    source:
      registry_url: https://components.espressif.com
      type: service
    version: 1.1.0~1
  espressif/esp_wifi_remote:
    component_hash: 0121d2fd6f41fc01d6c0c1ab7a4f04414da07c8981cbd6a1a9eb3cda199507a3
    dependencies:
    - name: espressif/esp_hosted
      registry_url: https://components.espressif.com
      require: private
      rules:
      - if: target in [esp32h2, esp32p4]
      version: '>=0.0.6'
    - name: espressif/wifi_remote_over_eppp
      registry_url: https://components.espressif.com
      require: private
      version: '>=0.1'
    - name: idf
      require: private
      version: '>=5.3'
    source:
      registry_url: https://components.espressif.com/
      type: service
    version: 1.0.0
  espressif/wifi_remote_over_eppp:
    component_hash: 7afc4161e7746618c52285e8103393c7fab7b3d88e18653e5ccf723f2012f9c2
    dependencies:
    - name: espressif/eppp_link
      registry_url: https://components.espressif.com
      require: private
      version: '>=0.1'
    - name: idf
      require: private
      version: '>=5.3'
    source:
      registry_url: https://components.espressif.com
      type: service
    version: 0.2.0
  idf:
    source:
      type: idf
    version: 5.5.1
direct_dependencies:
- espressif/es8311
- espressif/esp_hosted
- espressif/esp_wifi_remote
- idf
manifest_hash: d55a84ed5f0350e7e79476965a781b9eca53179f60532c6454b8a2b8e72dfd13
target: esp32p4
version: 2.0.0
